<Solution>
  <Folder Name="/Solution Items/">
    <File Path="compose.yaml" />
    <File Path="Dockerfile" />
    <File Path=".dockerignore" />
  </Folder>
  <Folder Name="/src/">
    <Project Path="BookingApp.API/BookingApp.API.csproj" />
    <Project Path="BookingApp.Application/BookingApp.Application.csproj" />
    <Project Path="BookingApp.Core/BookingApp.Core.csproj" />
    <Project Path="BookingApp.Infrastructure/BookingApp.Infrastructure.csproj" />
  </Folder>
</Solution>
